// !$*UTF8*$!
{
	archiveVersion = 1;
	classes = {
	};
	objectVersion = 46;
	objects = {

/* Begin PBXBuildFile section */
		9CE4932E1B4A8649009CE628 /* main.m in Sources */ = {isa = PBXBuildFile; fileRef = 9CE4932D1B4A8649009CE628 /* main.m */; };
		9CE493311B4A8649009CE628 /* AppDelegate.m in Sources */ = {isa = PBXBuildFile; fileRef = 9CE493301B4A8649009CE628 /* AppDelegate.m */; };
		9CE493341B4A8649009CE628 /* ViewController.m in Sources */ = {isa = PBXBuildFile; fileRef = 9CE493331B4A8649009CE628 /* ViewController.m */; };
		9CE493371B4A8649009CE628 /* Main.storyboard in Resources */ = {isa = PBXBuildFile; fileRef = 9CE493351B4A8649009CE628 /* Main.storyboard */; };
		9CE493391B4A8649009CE628 /* Images.xcassets in Resources */ = {isa = PBXBuildFile; fileRef = 9CE493381B4A8649009CE628 /* Images.xcassets */; };
		9CE4933C1B4A8649009CE628 /* LaunchScreen.xib in Resources */ = {isa = PBXBuildFile; fileRef = 9CE4933A1B4A8649009CE628 /* LaunchScreen.xib */; };
		9CE493481B4A8649009CE628 /* SXAlertViewTests.m in Sources */ = {isa = PBXBuildFile; fileRef = 9CE493471B4A8649009CE628 /* SXAlertViewTests.m */; };
		9CE493571B4A875F009CE628 /* SXAlertView.bundle in Resources */ = {isa = PBXBuildFile; fileRef = 9CE493521B4A875F009CE628 /* SXAlertView.bundle */; };
		9CE493581B4A875F009CE628 /* SXAlertView.m in Sources */ = {isa = PBXBuildFile; fileRef = 9CE493541B4A875F009CE628 /* SXAlertView.m */; };
		9CE493611B4A896E009CE628 /* NSString+Extension.m in Sources */ = {isa = PBXBuildFile; fileRef = 9CE4935C1B4A896E009CE628 /* NSString+Extension.m */; };
		9CE493621B4A896E009CE628 /* UIImage+Extension.m in Sources */ = {isa = PBXBuildFile; fileRef = 9CE4935E1B4A896E009CE628 /* UIImage+Extension.m */; };
		9CE493631B4A896E009CE628 /* UIView+Extension.m in Sources */ = {isa = PBXBuildFile; fileRef = 9CE493601B4A896E009CE628 /* UIView+Extension.m */; };
/* End PBXBuildFile section */

/* Begin PBXContainerItemProxy section */
		9CE493421B4A8649009CE628 /* PBXContainerItemProxy */ = {
			isa = PBXContainerItemProxy;
			containerPortal = 9CE493201B4A8649009CE628 /* Project object */;
			proxyType = 1;
			remoteGlobalIDString = 9CE493271B4A8649009CE628;
			remoteInfo = SXAlertView;
		};
/* End PBXContainerItemProxy section */

/* Begin PBXFileReference section */
		9C8665151B4B675300031403 /* SXAlertViewConfig.h */ = {isa = PBXFileReference; fileEncoding = 4; lastKnownFileType = sourcecode.c.h; path = SXAlertViewConfig.h; sourceTree = "<group>"; };
		9CE493281B4A8649009CE628 /* SXAlertView.app */ = {isa = PBXFileReference; explicitFileType = wrapper.application; includeInIndex = 0; path = SXAlertView.app; sourceTree = BUILT_PRODUCTS_DIR; };
		9CE4932C1B4A8649009CE628 /* Info.plist */ = {isa = PBXFileReference; lastKnownFileType = text.plist.xml; path = Info.plist; sourceTree = "<group>"; };
		9CE4932D1B4A8649009CE628 /* main.m */ = {isa = PBXFileReference; lastKnownFileType = sourcecode.c.objc; path = main.m; sourceTree = "<group>"; };
		9CE4932F1B4A8649009CE628 /* AppDelegate.h */ = {isa = PBXFileReference; lastKnownFileType = sourcecode.c.h; path = AppDelegate.h; sourceTree = "<group>"; };
		9CE493301B4A8649009CE628 /* AppDelegate.m */ = {isa = PBXFileReference; lastKnownFileType = sourcecode.c.objc; path = AppDelegate.m; sourceTree = "<group>"; };
		9CE493321B4A8649009CE628 /* ViewController.h */ = {isa = PBXFileReference; lastKnownFileType = sourcecode.c.h; path = ViewController.h; sourceTree = "<group>"; };
		9CE493331B4A8649009CE628 /* ViewController.m */ = {isa = PBXFileReference; lastKnownFileType = sourcecode.c.objc; path = ViewController.m; sourceTree = "<group>"; };
		9CE493361B4A8649009CE628 /* Base */ = {isa = PBXFileReference; lastKnownFileType = file.storyboard; name = Base; path = Base.lproj/Main.storyboard; sourceTree = "<group>"; };
		9CE493381B4A8649009CE628 /* Images.xcassets */ = {isa = PBXFileReference; lastKnownFileType = folder.assetcatalog; path = Images.xcassets; sourceTree = "<group>"; };
		9CE4933B1B4A8649009CE628 /* Base */ = {isa = PBXFileReference; lastKnownFileType = file.xib; name = Base; path = Base.lproj/LaunchScreen.xib; sourceTree = "<group>"; };
		9CE493411B4A8649009CE628 /* SXAlertViewTests.xctest */ = {isa = PBXFileReference; explicitFileType = wrapper.cfbundle; includeInIndex = 0; path = SXAlertViewTests.xctest; sourceTree = BUILT_PRODUCTS_DIR; };
		9CE493461B4A8649009CE628 /* Info.plist */ = {isa = PBXFileReference; lastKnownFileType = text.plist.xml; path = Info.plist; sourceTree = "<group>"; };
		9CE493471B4A8649009CE628 /* SXAlertViewTests.m */ = {isa = PBXFileReference; lastKnownFileType = sourcecode.c.objc; path = SXAlertViewTests.m; sourceTree = "<group>"; };
		9CE493521B4A875F009CE628 /* SXAlertView.bundle */ = {isa = PBXFileReference; lastKnownFileType = "wrapper.plug-in"; path = SXAlertView.bundle; sourceTree = "<group>"; };
		9CE493531B4A875F009CE628 /* SXAlertView.h */ = {isa = PBXFileReference; fileEncoding = 4; lastKnownFileType = sourcecode.c.h; path = SXAlertView.h; sourceTree = "<group>"; };
		9CE493541B4A875F009CE628 /* SXAlertView.m */ = {isa = PBXFileReference; fileEncoding = 4; lastKnownFileType = sourcecode.c.objc; path = SXAlertView.m; sourceTree = "<group>"; };
		9CE4935B1B4A896E009CE628 /* NSString+Extension.h */ = {isa = PBXFileReference; fileEncoding = 4; lastKnownFileType = sourcecode.c.h; path = "NSString+Extension.h"; sourceTree = "<group>"; };
		9CE4935C1B4A896E009CE628 /* NSString+Extension.m */ = {isa = PBXFileReference; fileEncoding = 4; lastKnownFileType = sourcecode.c.objc; path = "NSString+Extension.m"; sourceTree = "<group>"; };
		9CE4935D1B4A896E009CE628 /* UIImage+Extension.h */ = {isa = PBXFileReference; fileEncoding = 4; lastKnownFileType = sourcecode.c.h; path = "UIImage+Extension.h"; sourceTree = "<group>"; };
		9CE4935E1B4A896E009CE628 /* UIImage+Extension.m */ = {isa = PBXFileReference; fileEncoding = 4; lastKnownFileType = sourcecode.c.objc; path = "UIImage+Extension.m"; sourceTree = "<group>"; };
		9CE4935F1B4A896E009CE628 /* UIView+Extension.h */ = {isa = PBXFileReference; fileEncoding = 4; lastKnownFileType = sourcecode.c.h; path = "UIView+Extension.h"; sourceTree = "<group>"; };
		9CE493601B4A896E009CE628 /* UIView+Extension.m */ = {isa = PBXFileReference; fileEncoding = 4; lastKnownFileType = sourcecode.c.objc; path = "UIView+Extension.m"; sourceTree = "<group>"; };
/* End PBXFileReference section */

/* Begin PBXFrameworksBuildPhase section */
		9CE493251B4A8649009CE628 /* Frameworks */ = {
			isa = PBXFrameworksBuildPhase;
			buildActionMask = 2147483647;
			files = (
			);
			runOnlyForDeploymentPostprocessing = 0;
		};
		9CE4933E1B4A8649009CE628 /* Frameworks */ = {
			isa = PBXFrameworksBuildPhase;
			buildActionMask = 2147483647;
			files = (
			);
			runOnlyForDeploymentPostprocessing = 0;
		};
/* End PBXFrameworksBuildPhase section */

/* Begin PBXGroup section */
		9CE4931F1B4A8649009CE628 = {
			isa = PBXGroup;
			children = (
				9CE4932A1B4A8649009CE628 /* SXAlertView */,
				9CE493441B4A8649009CE628 /* SXAlertViewTests */,
				9CE493291B4A8649009CE628 /* Products */,
			);
			sourceTree = "<group>";
		};
		9CE493291B4A8649009CE628 /* Products */ = {
			isa = PBXGroup;
			children = (
				9CE493281B4A8649009CE628 /* SXAlertView.app */,
				9CE493411B4A8649009CE628 /* SXAlertViewTests.xctest */,
			);
			name = Products;
			sourceTree = "<group>";
		};
		9CE4932A1B4A8649009CE628 /* SXAlertView */ = {
			isa = PBXGroup;
			children = (
				9CE493511B4A875F009CE628 /* SXAlertView */,
				9CE4932F1B4A8649009CE628 /* AppDelegate.h */,
				9CE493301B4A8649009CE628 /* AppDelegate.m */,
				9CE493321B4A8649009CE628 /* ViewController.h */,
				9CE493331B4A8649009CE628 /* ViewController.m */,
				9CE493351B4A8649009CE628 /* Main.storyboard */,
				9CE493381B4A8649009CE628 /* Images.xcassets */,
				9CE4933A1B4A8649009CE628 /* LaunchScreen.xib */,
				9CE4932B1B4A8649009CE628 /* Supporting Files */,
			);
			path = SXAlertView;
			sourceTree = "<group>";
		};
		9CE4932B1B4A8649009CE628 /* Supporting Files */ = {
			isa = PBXGroup;
			children = (
				9CE4932C1B4A8649009CE628 /* Info.plist */,
				9CE4932D1B4A8649009CE628 /* main.m */,
			);
			name = "Supporting Files";
			sourceTree = "<group>";
		};
		9CE493441B4A8649009CE628 /* SXAlertViewTests */ = {
			isa = PBXGroup;
			children = (
				9CE493471B4A8649009CE628 /* SXAlertViewTests.m */,
				9CE493451B4A8649009CE628 /* Supporting Files */,
			);
			path = SXAlertViewTests;
			sourceTree = "<group>";
		};
		9CE493451B4A8649009CE628 /* Supporting Files */ = {
			isa = PBXGroup;
			children = (
				9CE493461B4A8649009CE628 /* Info.plist */,
			);
			name = "Supporting Files";
			sourceTree = "<group>";
		};
		9CE493511B4A875F009CE628 /* SXAlertView */ = {
			isa = PBXGroup;
			children = (
				9CE4935A1B4A896E009CE628 /* Category */,
				9CE493521B4A875F009CE628 /* SXAlertView.bundle */,
				9CE493531B4A875F009CE628 /* SXAlertView.h */,
				9CE493541B4A875F009CE628 /* SXAlertView.m */,
				9C8665151B4B675300031403 /* SXAlertViewConfig.h */,
			);
			path = SXAlertView;
			sourceTree = "<group>";
		};
		9CE4935A1B4A896E009CE628 /* Category */ = {
			isa = PBXGroup;
			children = (
				9CE4935B1B4A896E009CE628 /* NSString+Extension.h */,
				9CE4935C1B4A896E009CE628 /* NSString+Extension.m */,
				9CE4935D1B4A896E009CE628 /* UIImage+Extension.h */,
				9CE4935E1B4A896E009CE628 /* UIImage+Extension.m */,
				9CE4935F1B4A896E009CE628 /* UIView+Extension.h */,
				9CE493601B4A896E009CE628 /* UIView+Extension.m */,
			);
			path = Category;
			sourceTree = "<group>";
		};
/* End PBXGroup section */

/* Begin PBXNativeTarget section */
		9CE493271B4A8649009CE628 /* SXAlertView */ = {
			isa = PBXNativeTarget;
			buildConfigurationList = 9CE4934B1B4A8649009CE628 /* Build configuration list for PBXNativeTarget "SXAlertView" */;
			buildPhases = (
				9CE493241B4A8649009CE628 /* Sources */,
				9CE493251B4A8649009CE628 /* Frameworks */,
				9CE493261B4A8649009CE628 /* Resources */,
			);
			buildRules = (
			);
			dependencies = (
			);
			name = SXAlertView;
			productName = SXAlertView;
			productReference = 9CE493281B4A8649009CE628 /* SXAlertView.app */;
			productType = "com.apple.product-type.application";
		};
		9CE493401B4A8649009CE628 /* SXAlertViewTests */ = {
			isa = PBXNativeTarget;
			buildConfigurationList = 9CE4934E1B4A8649009CE628 /* Build configuration list for PBXNativeTarget "SXAlertViewTests" */;
			buildPhases = (
				9CE4933D1B4A8649009CE628 /* Sources */,
				9CE4933E1B4A8649009CE628 /* Frameworks */,
				9CE4933F1B4A8649009CE628 /* Resources */,
			);
			buildRules = (
			);
			dependencies = (
				9CE493431B4A8649009CE628 /* PBXTargetDependency */,
			);
			name = SXAlertViewTests;
			productName = SXAlertViewTests;
			productReference = 9CE493411B4A8649009CE628 /* SXAlertViewTests.xctest */;
			productType = "com.apple.product-type.bundle.unit-test";
		};
/* End PBXNativeTarget section */

/* Begin PBXProject section */
		9CE493201B4A8649009CE628 /* Project object */ = {
			isa = PBXProject;
			attributes = {
				LastUpgradeCheck = 0640;
				ORGANIZATIONNAME = "Coder Shoryon";
				TargetAttributes = {
					9CE493271B4A8649009CE628 = {
						CreatedOnToolsVersion = 6.4;
					};
					9CE493401B4A8649009CE628 = {
						CreatedOnToolsVersion = 6.4;
						TestTargetID = 9CE493271B4A8649009CE628;
					};
				};
			};
			buildConfigurationList = 9CE493231B4A8649009CE628 /* Build configuration list for PBXProject "SXAlertView" */;
			compatibilityVersion = "Xcode 3.2";
			developmentRegion = English;
			hasScannedForEncodings = 0;
			knownRegions = (
				en,
				Base,
			);
			mainGroup = 9CE4931F1B4A8649009CE628;
			productRefGroup = 9CE493291B4A8649009CE628 /* Products */;
			projectDirPath = "";
			projectRoot = "";
			targets = (
				9CE493271B4A8649009CE628 /* SXAlertView */,
				9CE493401B4A8649009CE628 /* SXAlertViewTests */,
			);
		};
/* End PBXProject section */

/* Begin PBXResourcesBuildPhase section */
		9CE493261B4A8649009CE628 /* Resources */ = {
			isa = PBXResourcesBuildPhase;
			buildActionMask = 2147483647;
			files = (
				9CE493571B4A875F009CE628 /* SXAlertView.bundle in Resources */,
				9CE493371B4A8649009CE628 /* Main.storyboard in Resources */,
				9CE4933C1B4A8649009CE628 /* LaunchScreen.xib in Resources */,
				9CE493391B4A8649009CE628 /* Images.xcassets in Resources */,
			);
			runOnlyForDeploymentPostprocessing = 0;
		};
		9CE4933F1B4A8649009CE628 /* Resources */ = {
			isa = PBXResourcesBuildPhase;
			buildActionMask = 2147483647;
			files = (
			);
			runOnlyForDeploymentPostprocessing = 0;
		};
/* End PBXResourcesBuildPhase section */

/* Begin PBXSourcesBuildPhase section */
		9CE493241B4A8649009CE628 /* Sources */ = {
			isa = PBXSourcesBuildPhase;
			buildActionMask = 2147483647;
			files = (
				9CE493621B4A896E009CE628 /* UIImage+Extension.m in Sources */,
				9CE493611B4A896E009CE628 /* NSString+Extension.m in Sources */,
				9CE493341B4A8649009CE628 /* ViewController.m in Sources */,
				9CE493311B4A8649009CE628 /* AppDelegate.m in Sources */,
				9CE493581B4A875F009CE628 /* SXAlertView.m in Sources */,
				9CE493631B4A896E009CE628 /* UIView+Extension.m in Sources */,
				9CE4932E1B4A8649009CE628 /* main.m in Sources */,
			);
			runOnlyForDeploymentPostprocessing = 0;
		};
		9CE4933D1B4A8649009CE628 /* Sources */ = {
			isa = PBXSourcesBuildPhase;
			buildActionMask = 2147483647;
			files = (
				9CE493481B4A8649009CE628 /* SXAlertViewTests.m in Sources */,
			);
			runOnlyForDeploymentPostprocessing = 0;
		};
/* End PBXSourcesBuildPhase section */

/* Begin PBXTargetDependency section */
		9CE493431B4A8649009CE628 /* PBXTargetDependency */ = {
			isa = PBXTargetDependency;
			target = 9CE493271B4A8649009CE628 /* SXAlertView */;
			targetProxy = 9CE493421B4A8649009CE628 /* PBXContainerItemProxy */;
		};
/* End PBXTargetDependency section */

/* Begin PBXVariantGroup section */
		9CE493351B4A8649009CE628 /* Main.storyboard */ = {
			isa = PBXVariantGroup;
			children = (
				9CE493361B4A8649009CE628 /* Base */,
			);
			name = Main.storyboard;
			sourceTree = "<group>";
		};
		9CE4933A1B4A8649009CE628 /* LaunchScreen.xib */ = {
			isa = PBXVariantGroup;
			children = (
				9CE4933B1B4A8649009CE628 /* Base */,
			);
			name = LaunchScreen.xib;
			sourceTree = "<group>";
		};
/* End PBXVariantGroup section */

/* Begin XCBuildConfiguration section */
		9CE493491B4A8649009CE628 /* Debug */ = {
			isa = XCBuildConfiguration;
			buildSettings = {
				ALWAYS_SEARCH_USER_PATHS = NO;
				CLANG_CXX_LANGUAGE_STANDARD = "gnu++0x";
				CLANG_CXX_LIBRARY = "libc++";
				CLANG_ENABLE_MODULES = YES;
				CLANG_ENABLE_OBJC_ARC = YES;
				CLANG_WARN_BOOL_CONVERSION = YES;
				CLANG_WARN_CONSTANT_CONVERSION = YES;
				CLANG_WARN_DIRECT_OBJC_ISA_USAGE = YES_ERROR;
				CLANG_WARN_EMPTY_BODY = YES;
				CLANG_WARN_ENUM_CONVERSION = YES;
				CLANG_WARN_INT_CONVERSION = YES;
				CLANG_WARN_OBJC_ROOT_CLASS = YES_ERROR;
				CLANG_WARN_UNREACHABLE_CODE = YES;
				CLANG_WARN__DUPLICATE_METHOD_MATCH = YES;
				"CODE_SIGN_IDENTITY[sdk=iphoneos*]" = "iPhone Developer";
				COPY_PHASE_STRIP = NO;
				DEBUG_INFORMATION_FORMAT = "dwarf-with-dsym";
				ENABLE_STRICT_OBJC_MSGSEND = YES;
				GCC_C_LANGUAGE_STANDARD = gnu99;
				GCC_DYNAMIC_NO_PIC = NO;
				GCC_NO_COMMON_BLOCKS = YES;
				GCC_OPTIMIZATION_LEVEL = 0;
				GCC_PREPROCESSOR_DEFINITIONS = (
					"DEBUG=1",
					"$(inherited)",
				);
				GCC_SYMBOLS_PRIVATE_EXTERN = NO;
				GCC_WARN_64_TO_32_BIT_CONVERSION = YES;
				GCC_WARN_ABOUT_RETURN_TYPE = YES_ERROR;
				GCC_WARN_UNDECLARED_SELECTOR = YES;
				GCC_WARN_UNINITIALIZED_AUTOS = YES_AGGRESSIVE;
				GCC_WARN_UNUSED_FUNCTION = YES;
				GCC_WARN_UNUSED_VARIABLE = YES;
				IPHONEOS_DEPLOYMENT_TARGET = 8.4;
				MTL_ENABLE_DEBUG_INFO = YES;
				ONLY_ACTIVE_ARCH = YES;
				SDKROOT = iphoneos;
			};
			name = Debug;
		};
		9CE4934A1B4A8649009CE628 /* Release */ = {
			isa = XCBuildConfiguration;
			buildSettings = {
				ALWAYS_SEARCH_USER_PATHS = NO;
				CLANG_CXX_LANGUAGE_STANDARD = "gnu++0x";
				CLANG_CXX_LIBRARY = "libc++";
				CLANG_ENABLE_MODULES = YES;
				CLANG_ENABLE_OBJC_ARC = YES;
				CLANG_WARN_BOOL_CONVERSION = YES;
				CLANG_WARN_CONSTANT_CONVERSION = YES;
				CLANG_WARN_DIRECT_OBJC_ISA_USAGE = YES_ERROR;
				CLANG_WARN_EMPTY_BODY = YES;
				CLANG_WARN_ENUM_CONVERSION = YES;
				CLANG_WARN_INT_CONVERSION = YES;
				CLANG_WARN_OBJC_ROOT_CLASS = YES_ERROR;
				CLANG_WARN_UNREACHABLE_CODE = YES;
				CLANG_WARN__DUPLICATE_METHOD_MATCH = YES;
				"CODE_SIGN_IDENTITY[sdk=iphoneos*]" = "iPhone Developer";
				COPY_PHASE_STRIP = NO;
				DEBUG_INFORMATION_FORMAT = "dwarf-with-dsym";
				ENABLE_NS_ASSERTIONS = NO;
				ENABLE_STRICT_OBJC_MSGSEND = YES;
				GCC_C_LANGUAGE_STANDARD = gnu99;
				GCC_NO_COMMON_BLOCKS = YES;
				GCC_WARN_64_TO_32_BIT_CONVERSION = YES;
				GCC_WARN_ABOUT_RETURN_TYPE = YES_ERROR;
				GCC_WARN_UNDECLARED_SELECTOR = YES;
				GCC_WARN_UNINITIALIZED_AUTOS = YES_AGGRESSIVE;
				GCC_WARN_UNUSED_FUNCTION = YES;
				GCC_WARN_UNUSED_VARIABLE = YES;
				IPHONEOS_DEPLOYMENT_TARGET = 8.4;
				MTL_ENABLE_DEBUG_INFO = NO;
				SDKROOT = iphoneos;
				VALIDATE_PRODUCT = YES;
			};
			name = Release;
		};
		9CE4934C1B4A8649009CE628 /* Debug */ = {
			isa = XCBuildConfiguration;
			buildSettings = {
				ASSETCATALOG_COMPILER_APPICON_NAME = AppIcon;
				INFOPLIST_FILE = SXAlertView/Info.plist;
				LD_RUNPATH_SEARCH_PATHS = "$(inherited) @executable_path/Frameworks";
				PRODUCT_NAME = "$(TARGET_NAME)";
			};
			name = Debug;
		};
		9CE4934D1B4A8649009CE628 /* Release */ = {
			isa = XCBuildConfiguration;
			buildSettings = {
				ASSETCATALOG_COMPILER_APPICON_NAME = AppIcon;
				INFOPLIST_FILE = SXAlertView/Info.plist;
				LD_RUNPATH_SEARCH_PATHS = "$(inherited) @executable_path/Frameworks";
				PRODUCT_NAME = "$(TARGET_NAME)";
			};
			name = Release;
		};
		9CE4934F1B4A8649009CE628 /* Debug */ = {
			isa = XCBuildConfiguration;
			buildSettings = {
				BUNDLE_LOADER = "$(TEST_HOST)";
				FRAMEWORK_SEARCH_PATHS = (
					"$(SDKROOT)/Developer/Library/Frameworks",
					"$(inherited)",
				);
				GCC_PREPROCESSOR_DEFINITIONS = (
					"DEBUG=1",
					"$(inherited)",
				);
				INFOPLIST_FILE = SXAlertViewTests/Info.plist;
				LD_RUNPATH_SEARCH_PATHS = "$(inherited) @executable_path/Frameworks @loader_path/Frameworks";
				PRODUCT_NAME = "$(TARGET_NAME)";
				TEST_HOST = "$(BUILT_PRODUCTS_DIR)/SXAlertView.app/SXAlertView";
			};
			name = Debug;
		};
		9CE493501B4A8649009CE628 /* Release */ = {
			isa = XCBuildConfiguration;
			buildSettings = {
				BUNDLE_LOADER = "$(TEST_HOST)";
				FRAMEWORK_SEARCH_PATHS = (
					"$(SDKROOT)/Developer/Library/Frameworks",
					"$(inherited)",
				);
				INFOPLIST_FILE = SXAlertViewTests/Info.plist;
				LD_RUNPATH_SEARCH_PATHS = "$(inherited) @executable_path/Frameworks @loader_path/Frameworks";
				PRODUCT_NAME = "$(TARGET_NAME)";
				TEST_HOST = "$(BUILT_PRODUCTS_DIR)/SXAlertView.app/SXAlertView";
			};
			name = Release;
		};
/* End XCBuildConfiguration section */

/* Begin XCConfigurationList section */
		9CE493231B4A8649009CE628 /* Build configuration list for PBXProject "SXAlertView" */ = {
			isa = XCConfigurationList;
			buildConfigurations = (
				9CE493491B4A8649009CE628 /* Debug */,
				9CE4934A1B4A8649009CE628 /* Release */,
			);
			defaultConfigurationIsVisible = 0;
			defaultConfigurationName = Release;
		};
		9CE4934B1B4A8649009CE628 /* Build configuration list for PBXNativeTarget "SXAlertView" */ = {
			isa = XCConfigurationList;
			buildConfigurations = (
				9CE4934C1B4A8649009CE628 /* Debug */,
				9CE4934D1B4A8649009CE628 /* Release */,
			);
			defaultConfigurationIsVisible = 0;
			defaultConfigurationName = Release;
		};
		9CE4934E1B4A8649009CE628 /* Build configuration list for PBXNativeTarget "SXAlertViewTests" */ = {
			isa = XCConfigurationList;
			buildConfigurations = (
				9CE4934F1B4A8649009CE628 /* Debug */,
				9CE493501B4A8649009CE628 /* Release */,
			);
			defaultConfigurationIsVisible = 0;
			defaultConfigurationName = Release;
		};
/* End XCConfigurationList section */
	};
	rootObject = 9CE493201B4A8649009CE628 /* Project object */;
}
